
Microsoft Visual Studio Solution File, Format Version 12.00
Project("{FAE04EC0-301F-11D3-BF4B-00C04F79EFBC}") = "WebhookAggregator", "WebhookAggregator\WebhookAggregator.csproj", "{DD22E5C3-CCB4-4238-83C1-2E034863D71F}"
EndProject
Global
	GlobalSection(SolutionConfigurationPlatforms) = preSolution
		Debug|Any CPU = Debug|Any CPU
		Release|Any CPU = Release|Any CPU
	EndGlobalSection
	GlobalSection(ProjectConfigurationPlatforms) = postSolution
		{DD22E5C3-CCB4-4238-83C1-2E034863D71F}.Debug|Any CPU.ActiveCfg = Debug|Any CPU
		{DD22E5C3-CCB4-4238-83C1-2E034863D71F}.Debug|Any CPU.Build.0 = Debug|Any CPU
		{DD22E5C3-CCB4-4238-83C1-2E034863D71F}.Release|Any CPU.ActiveCfg = Release|Any CPU
		{DD22E5C3-CCB4-4238-83C1-2E034863D71F}.Release|Any CPU.Build.0 = Release|Any CPU
	EndGlobalSection
EndGlobal
